
Microsoft Visual Studio Solution File, Format Version 12.00
# Visual Studio 2013
VisualStudioVersion = 12.0.31101.0
MinimumVisualStudioVersion = 10.0.40219.1
Project("{FAE04EC0-301F-11D3-BF4B-00C04F79EFBC}") = "SymbolParser", "SymbolParser.csproj", "{9854878A-0D77-40A7-B7AE-7575C362852E}"
EndProject
Project("{FAE04EC0-301F-11D3-BF4B-00C04F79EFBC}") = "SymbolParserTests", "..\SymbolParserTests\SymbolParserTests.csproj", "{870FDD98-67FF-40F5-B66A-5C1E7C034244}"
EndProject
Global
	GlobalSection(SolutionConfigurationPlatforms) = preSolution
		Debug|Any CPU = Debug|Any CPU
		Release|Any CPU = Release|Any CPU
	EndGlobalSection
	GlobalSection(ProjectConfigurationPlatforms) = postSolution
		{9854878A-0D77-40A7-B7AE-7575C362852E}.Debug|Any CPU.ActiveCfg = Debug|Any CPU
		{9854878A-0D77-40A7-B7AE-7575C362852E}.Debug|Any CPU.Build.0 = Debug|Any CPU
		{9854878A-0D77-40A7-B7AE-7575C362852E}.Release|Any CPU.ActiveCfg = Release|Any CPU
		{9854878A-0D77-40A7-B7AE-7575C362852E}.Release|Any CPU.Build.0 = Release|Any CPU
		{870FDD98-67FF-40F5-B66A-5C1E7C034244}.Debug|Any CPU.ActiveCfg = Debug|Any CPU
		{870FDD98-67FF-40F5-B66A-5C1E7C034244}.Debug|Any CPU.Build.0 = Debug|Any CPU
		{870FDD98-67FF-40F5-B66A-5C1E7C034244}.Release|Any CPU.ActiveCfg = Release|Any CPU
		{870FDD98-67FF-40F5-B66A-5C1E7C034244}.Release|Any CPU.Build.0 = Release|Any CPU
	EndGlobalSection
	GlobalSection(SolutionProperties) = preSolution
		HideSolutionNode = FALSE
	EndGlobalSection
EndGlobal
